
Microsoft Visual Studio Solution File, Format Version 12.00
# Visual Studio 15
VisualStudioVersion = 15.0.27130.2024
MinimumVisualStudioVersion = 10.0.40219.1
Project("{00D1A9C2-B5F0-4AF3-8072-F6C62B433612}") = "CollinsAuctionService", "CollinsAuctionService\CollinsAuctionService.sqlproj", "{734733E9-0093-4E79-8CEB-EE0D23265817}"
EndProject
Global
	GlobalSection(SolutionConfigurationPlatforms) = preSolution
		Debug|Any CPU = Debug|Any CPU
		Release|Any CPU = Release|Any CPU
	EndGlobalSection
	GlobalSection(ProjectConfigurationPlatforms) = postSolution
		{734733E9-0093-4E79-8CEB-EE0D23265817}.Debug|Any CPU.ActiveCfg = Debug|Any CPU
		{734733E9-0093-4E79-8CEB-EE0D23265817}.Debug|Any CPU.Build.0 = Debug|Any CPU
		{734733E9-0093-4E79-8CEB-EE0D23265817}.Debug|Any CPU.Deploy.0 = Debug|Any CPU
		{734733E9-0093-4E79-8CEB-EE0D23265817}.Release|Any CPU.ActiveCfg = Release|Any CPU
		{734733E9-0093-4E79-8CEB-EE0D23265817}.Release|Any CPU.Build.0 = Release|Any CPU
		{734733E9-0093-4E79-8CEB-EE0D23265817}.Release|Any CPU.Deploy.0 = Release|Any CPU
	EndGlobalSection
	GlobalSection(SolutionProperties) = preSolution
		HideSolutionNode = FALSE
	EndGlobalSection
	GlobalSection(ExtensibilityGlobals) = postSolution
		SolutionGuid = {BADD51D0-2DAC-4CD7-856F-CDFAFC679FEB}
	EndGlobalSection
EndGlobal
